// !$*UTF8*$!
{
	archiveVersion = 1;
	classes = {
	};
	objectVersion = 55;
	objects = {

/* Begin PBXBuildFile section */
		9DD128F7B5F5D38E51E08516 /* Pods_Alura_Ingressos.framework in Frameworks */ = {isa = PBXBuildFile; fileRef = 27CD2916A5E3B8905EAA6068 /* Pods_Alura_Ingressos.framework */; };
		CE0F629B2880788A00287B2B /* ValidaFormulario.swift in Sources */ = {isa = PBXBuildFile; fileRef = CE0F629A2880788A00287B2B /* ValidaFormulario.swift */; };
		CE81E5CC287F39A100BE3A27 /* AppDelegate.swift in Sources */ = {isa = PBXBuildFile; fileRef = CE81E5CB287F39A100BE3A27 /* AppDelegate.swift */; };
		CE81E5CE287F39A100BE3A27 /* SceneDelegate.swift in Sources */ = {isa = PBXBuildFile; fileRef = CE81E5CD287F39A100BE3A27 /* SceneDelegate.swift */; };
		CE81E5D0287F39A100BE3A27 /* ViewController.swift in Sources */ = {isa = PBXBuildFile; fileRef = CE81E5CF287F39A100BE3A27 /* ViewController.swift */; };
		CE81E5D3287F39A100BE3A27 /* Main.storyboard in Resources */ = {isa = PBXBuildFile; fileRef = CE81E5D1287F39A100BE3A27 /* Main.storyboard */; };
		CE81E5D5287F39A700BE3A27 /* Assets.xcassets in Resources */ = {isa = PBXBuildFile; fileRef = CE81E5D4287F39A700BE3A27 /* Assets.xcassets */; };
		CE81E5D8287F39A700BE3A27 /* LaunchScreen.storyboard in Resources */ = {isa = PBXBuildFile; fileRef = CE81E5D6287F39A700BE3A27 /* LaunchScreen.storyboard */; };
		CE81E5E0287F583200BE3A27 /* logo_alura.png in Resources */ = {isa = PBXBuildFile; fileRef = CE81E5DF287F583200BE3A27 /* logo_alura.png */; };
		CE81E5E2287F591A00BE3A27 /* banner.png in Resources */ = {isa = PBXBuildFile; fileRef = CE81E5E1287F591900BE3A27 /* banner.png */; };
		CE81E5E4287F591F00BE3A27 /* bandeiras_cartoes.png in Resources */ = {isa = PBXBuildFile; fileRef = CE81E5E3287F591F00BE3A27 /* bandeiras_cartoes.png */; };
		CECA98B928859D2A00DA67F1 /* Localizacao.swift in Sources */ = {isa = PBXBuildFile; fileRef = CECA98B828859D2A00DA67F1 /* Localizacao.swift */; };
		CECA98BB28859DAA00DA67F1 /* LocalizacaoConsultaAPI.swift in Sources */ = {isa = PBXBuildFile; fileRef = CECA98BA28859DAA00DA67F1 /* LocalizacaoConsultaAPI.swift */; };
/* End PBXBuildFile section */

/* Begin PBXFileReference section */
		27CD2916A5E3B8905EAA6068 /* Pods_Alura_Ingressos.framework */ = {isa = PBXFileReference; explicitFileType = wrapper.framework; includeInIndex = 0; path = Pods_Alura_Ingressos.framework; sourceTree = BUILT_PRODUCTS_DIR; };
		74958333F5FFB5A55E93C070 /* Pods-Alura Ingressos.debug.xcconfig */ = {isa = PBXFileReference; includeInIndex = 1; lastKnownFileType = text.xcconfig; name = "Pods-Alura Ingressos.debug.xcconfig"; path = "Target Support Files/Pods-Alura Ingressos/Pods-Alura Ingressos.debug.xcconfig"; sourceTree = "<group>"; };
		A7163C227B5774A697B52015 /* Pods-Alura Ingressos.release.xcconfig */ = {isa = PBXFileReference; includeInIndex = 1; lastKnownFileType = text.xcconfig; name = "Pods-Alura Ingressos.release.xcconfig"; path = "Target Support Files/Pods-Alura Ingressos/Pods-Alura Ingressos.release.xcconfig"; sourceTree = "<group>"; };
		CE0F629A2880788A00287B2B /* ValidaFormulario.swift */ = {isa = PBXFileReference; lastKnownFileType = sourcecode.swift; path = ValidaFormulario.swift; sourceTree = "<group>"; };
		CE81E5C8287F39A100BE3A27 /* Alura Ingressos.app */ = {isa = PBXFileReference; explicitFileType = wrapper.application; includeInIndex = 0; path = "Alura Ingressos.app"; sourceTree = BUILT_PRODUCTS_DIR; };
		CE81E5CB287F39A100BE3A27 /* AppDelegate.swift */ = {isa = PBXFileReference; lastKnownFileType = sourcecode.swift; path = AppDelegate.swift; sourceTree = "<group>"; };
		CE81E5CD287F39A100BE3A27 /* SceneDelegate.swift */ = {isa = PBXFileReference; lastKnownFileType = sourcecode.swift; path = SceneDelegate.swift; sourceTree = "<group>"; };
		CE81E5CF287F39A100BE3A27 /* ViewController.swift */ = {isa = PBXFileReference; lastKnownFileType = sourcecode.swift; path = ViewController.swift; sourceTree = "<group>"; };
		CE81E5D2287F39A100BE3A27 /* Base */ = {isa = PBXFileReference; lastKnownFileType = file.storyboard; name = Base; path = Base.lproj/Main.storyboard; sourceTree = "<group>"; };
		CE81E5D4287F39A700BE3A27 /* Assets.xcassets */ = {isa = PBXFileReference; lastKnownFileType = folder.assetcatalog; path = Assets.xcassets; sourceTree = "<group>"; };
		CE81E5D7287F39A700BE3A27 /* Base */ = {isa = PBXFileReference; lastKnownFileType = file.storyboard; name = Base; path = Base.lproj/LaunchScreen.storyboard; sourceTree = "<group>"; };
		CE81E5D9287F39A700BE3A27 /* Info.plist */ = {isa = PBXFileReference; lastKnownFileType = text.plist.xml; path = Info.plist; sourceTree = "<group>"; };
		CE81E5DF287F583200BE3A27 /* logo_alura.png */ = {isa = PBXFileReference; lastKnownFileType = image.png; name = logo_alura.png; path = ../../Assets/logo_alura.png; sourceTree = "<group>"; };
		CE81E5E1287F591900BE3A27 /* banner.png */ = {isa = PBXFileReference; lastKnownFileType = image.png; name = banner.png; path = ../../Assets/banner.png; sourceTree = "<group>"; };
		CE81E5E3287F591F00BE3A27 /* bandeiras_cartoes.png */ = {isa = PBXFileReference; lastKnownFileType = image.png; name = bandeiras_cartoes.png; path = ../../Assets/bandeiras_cartoes.png; sourceTree = "<group>"; };
		CECA98B828859D2A00DA67F1 /* Localizacao.swift */ = {isa = PBXFileReference; lastKnownFileType = sourcecode.swift; path = Localizacao.swift; sourceTree = "<group>"; };
		CECA98BA28859DAA00DA67F1 /* LocalizacaoConsultaAPI.swift */ = {isa = PBXFileReference; lastKnownFileType = sourcecode.swift; path = LocalizacaoConsultaAPI.swift; sourceTree = "<group>"; };
/* End PBXFileReference section */

/* Begin PBXFrameworksBuildPhase section */
		CE81E5C5287F39A100BE3A27 /* Frameworks */ = {
			isa = PBXFrameworksBuildPhase;
			buildActionMask = 2147483647;
			files = (
				9DD128F7B5F5D38E51E08516 /* Pods_Alura_Ingressos.framework in Frameworks */,
			);
			runOnlyForDeploymentPostprocessing = 0;
		};
/* End PBXFrameworksBuildPhase section */

/* Begin PBXGroup section */
		A3C3306FDE32B67AF5C96225 /* Frameworks */ = {
			isa = PBXGroup;
			children = (
				27CD2916A5E3B8905EAA6068 /* Pods_Alura_Ingressos.framework */,
			);
			name = Frameworks;
			sourceTree = "<group>";
		};
		B3CA7A11C86F7395EDB2D186 /* Pods */ = {
			isa = PBXGroup;
			children = (
				74958333F5FFB5A55E93C070 /* Pods-Alura Ingressos.debug.xcconfig */,
				A7163C227B5774A697B52015 /* Pods-Alura Ingressos.release.xcconfig */,
			);
			path = Pods;
			sourceTree = "<group>";
		};
		CE0F62982880781000287B2B /* Model */ = {
			isa = PBXGroup;
			children = (
				CE0F629A2880788A00287B2B /* ValidaFormulario.swift */,
				CECA98B828859D2A00DA67F1 /* Localizacao.swift */,
				CECA98BA28859DAA00DA67F1 /* LocalizacaoConsultaAPI.swift */,
			);
			path = Model;
			sourceTree = "<group>";
		};
		CE0F62992880782A00287B2B /* Controller */ = {
			isa = PBXGroup;
			children = (
				CE81E5CF287F39A100BE3A27 /* ViewController.swift */,
			);
			path = Controller;
			sourceTree = "<group>";
		};
		CE81E5BF287F39A100BE3A27 = {
			isa = PBXGroup;
			children = (
				CE81E5CA287F39A100BE3A27 /* Alura Ingressos */,
				CE81E5C9287F39A100BE3A27 /* Products */,
				B3CA7A11C86F7395EDB2D186 /* Pods */,
				A3C3306FDE32B67AF5C96225 /* Frameworks */,
			);
			sourceTree = "<group>";
		};
		CE81E5C9287F39A100BE3A27 /* Products */ = {
			isa = PBXGroup;
			children = (
				CE81E5C8287F39A100BE3A27 /* Alura Ingressos.app */,
			);
			name = Products;
			sourceTree = "<group>";
		};
		CE81E5CA287F39A100BE3A27 /* Alura Ingressos */ = {
			isa = PBXGroup;
			children = (
				CE81E5CB287F39A100BE3A27 /* AppDelegate.swift */,
				CE81E5CD287F39A100BE3A27 /* SceneDelegate.swift */,
				CE0F62982880781000287B2B /* Model */,
				CE0F62992880782A00287B2B /* Controller */,
				CE81E5D1287F39A100BE3A27 /* Main.storyboard */,
				CE81E5D4287F39A700BE3A27 /* Assets.xcassets */,
				CE81E5DF287F583200BE3A27 /* logo_alura.png */,
				CE81E5E1287F591900BE3A27 /* banner.png */,
				CE81E5E3287F591F00BE3A27 /* bandeiras_cartoes.png */,
				CE81E5D6287F39A700BE3A27 /* LaunchScreen.storyboard */,
				CE81E5D9287F39A700BE3A27 /* Info.plist */,
			);
			path = "Alura Ingressos";
			sourceTree = "<group>";
		};
/* End PBXGroup section */

/* Begin PBXNativeTarget section */
		CE81E5C7287F39A100BE3A27 /* Alura Ingressos */ = {
			isa = PBXNativeTarget;
			buildConfigurationList = CE81E5DC287F39A700BE3A27 /* Build configuration list for PBXNativeTarget "Alura Ingressos" */;
			buildPhases = (
				1692C60F3A9177319B83149F /* [CP] Check Pods Manifest.lock */,
				CE81E5C4287F39A100BE3A27 /* Sources */,
				CE81E5C5287F39A100BE3A27 /* Frameworks */,
				CE81E5C6287F39A100BE3A27 /* Resources */,
				ED58E985CEBC3F8998D60BB8 /* [CP] Embed Pods Frameworks */,
			);
			buildRules = (
			);
			dependencies = (
			);
			name = "Alura Ingressos";
			productName = "Alura Ingressos";
			productReference = CE81E5C8287F39A100BE3A27 /* Alura Ingressos.app */;
			productType = "com.apple.product-type.application";
		};
/* End PBXNativeTarget section */

/* Begin PBXProject section */
		CE81E5C0287F39A100BE3A27 /* Project object */ = {
			isa = PBXProject;
			attributes = {
				BuildIndependentTargetsInParallel = 1;
				LastSwiftUpdateCheck = 1340;
				LastUpgradeCheck = 1340;
				TargetAttributes = {
					CE81E5C7287F39A100BE3A27 = {
						CreatedOnToolsVersion = 13.4.1;
					};
				};
			};
			buildConfigurationList = CE81E5C3287F39A100BE3A27 /* Build configuration list for PBXProject "Alura Ingressos" */;
			compatibilityVersion = "Xcode 13.0";
			developmentRegion = en;
			hasScannedForEncodings = 0;
			knownRegions = (
				en,
				Base,
			);
			mainGroup = CE81E5BF287F39A100BE3A27;
			productRefGroup = CE81E5C9287F39A100BE3A27 /* Products */;
			projectDirPath = "";
			projectRoot = "";
			targets = (
				CE81E5C7287F39A100BE3A27 /* Alura Ingressos */,
			);
		};
/* End PBXProject section */

/* Begin PBXResourcesBuildPhase section */
		CE81E5C6287F39A100BE3A27 /* Resources */ = {
			isa = PBXResourcesBuildPhase;
			buildActionMask = 2147483647;
			files = (
				CE81E5D8287F39A700BE3A27 /* LaunchScreen.storyboard in Resources */,
				CE81E5D5287F39A700BE3A27 /* Assets.xcassets in Resources */,
				CE81E5E0287F583200BE3A27 /* logo_alura.png in Resources */,
				CE81E5E4287F591F00BE3A27 /* bandeiras_cartoes.png in Resources */,
				CE81E5D3287F39A100BE3A27 /* Main.storyboard in Resources */,
				CE81E5E2287F591A00BE3A27 /* banner.png in Resources */,
			);
			runOnlyForDeploymentPostprocessing = 0;
		};
/* End PBXResourcesBuildPhase section */

/* Begin PBXShellScriptBuildPhase section */
		1692C60F3A9177319B83149F /* [CP] Check Pods Manifest.lock */ = {
			isa = PBXShellScriptBuildPhase;
			buildActionMask = 2147483647;
			files = (
			);
			inputFileListPaths = (
			);
			inputPaths = (
				"${PODS_PODFILE_DIR_PATH}/Podfile.lock",
				"${PODS_ROOT}/Manifest.lock",
			);
			name = "[CP] Check Pods Manifest.lock";
			outputFileListPaths = (
			);
			outputPaths = (
				"$(DERIVED_FILE_DIR)/Pods-Alura Ingressos-checkManifestLockResult.txt",
			);
			runOnlyForDeploymentPostprocessing = 0;
			shellPath = /bin/sh;
			shellScript = "diff \"${PODS_PODFILE_DIR_PATH}/Podfile.lock\" \"${PODS_ROOT}/Manifest.lock\" > /dev/null\nif [ $? != 0 ] ; then\n    # print error to STDERR\n    echo \"error: The sandbox is not in sync with the Podfile.lock. Run 'pod install' or update your CocoaPods installation.\" >&2\n    exit 1\nfi\n# This output is used by Xcode 'outputs' to avoid re-running this script phase.\necho \"SUCCESS\" > \"${SCRIPT_OUTPUT_FILE_0}\"\n";
			showEnvVarsInLog = 0;
		};
		ED58E985CEBC3F8998D60BB8 /* [CP] Embed Pods Frameworks */ = {
			isa = PBXShellScriptBuildPhase;
			buildActionMask = 2147483647;
			files = (
			);
			inputFileListPaths = (
				"${PODS_ROOT}/Target Support Files/Pods-Alura Ingressos/Pods-Alura Ingressos-frameworks-${CONFIGURATION}-input-files.xcfilelist",
			);
			name = "[CP] Embed Pods Frameworks";
			outputFileListPaths = (
				"${PODS_ROOT}/Target Support Files/Pods-Alura Ingressos/Pods-Alura Ingressos-frameworks-${CONFIGURATION}-output-files.xcfilelist",
			);
			runOnlyForDeploymentPostprocessing = 0;
			shellPath = /bin/sh;
			shellScript = "\"${PODS_ROOT}/Target Support Files/Pods-Alura Ingressos/Pods-Alura Ingressos-frameworks.sh\"\n";
			showEnvVarsInLog = 0;
		};
/* End PBXShellScriptBuildPhase section */

/* Begin PBXSourcesBuildPhase section */
		CE81E5C4287F39A100BE3A27 /* Sources */ = {
			isa = PBXSourcesBuildPhase;
			buildActionMask = 2147483647;
			files = (
				CE81E5D0287F39A100BE3A27 /* ViewController.swift in Sources */,
				CE81E5CC287F39A100BE3A27 /* AppDelegate.swift in Sources */,
				CE0F629B2880788A00287B2B /* ValidaFormulario.swift in Sources */,
				CE81E5CE287F39A100BE3A27 /* SceneDelegate.swift in Sources */,
				CECA98BB28859DAA00DA67F1 /* LocalizacaoConsultaAPI.swift in Sources */,
				CECA98B928859D2A00DA67F1 /* Localizacao.swift in Sources */,
			);
			runOnlyForDeploymentPostprocessing = 0;
		};
/* End PBXSourcesBuildPhase section */

/* Begin PBXVariantGroup section */
		CE81E5D1287F39A100BE3A27 /* Main.storyboard */ = {
			isa = PBXVariantGroup;
			children = (
				CE81E5D2287F39A100BE3A27 /* Base */,
			);
			name = Main.storyboard;
			sourceTree = "<group>";
		};
		CE81E5D6287F39A700BE3A27 /* LaunchScreen.storyboard */ = {
			isa = PBXVariantGroup;
			children = (
				CE81E5D7287F39A700BE3A27 /* Base */,
			);
			name = LaunchScreen.storyboard;
			sourceTree = "<group>";
		};
/* End PBXVariantGroup section */

/* Begin XCBuildConfiguration section */
		CE81E5DA287F39A700BE3A27 /* Debug */ = {
			isa = XCBuildConfiguration;
			buildSettings = {
				ALWAYS_SEARCH_USER_PATHS = NO;
				CLANG_ANALYZER_NONNULL = YES;
				CLANG_ANALYZER_NUMBER_OBJECT_CONVERSION = YES_AGGRESSIVE;
				CLANG_CXX_LANGUAGE_STANDARD = "gnu++17";
				CLANG_ENABLE_MODULES = YES;
				CLANG_ENABLE_OBJC_ARC = YES;
				CLANG_ENABLE_OBJC_WEAK = YES;
				CLANG_WARN_BLOCK_CAPTURE_AUTORELEASING = YES;
				CLANG_WARN_BOOL_CONVERSION = YES;
				CLANG_WARN_COMMA = YES;
				CLANG_WARN_CONSTANT_CONVERSION = YES;
				CLANG_WARN_DEPRECATED_OBJC_IMPLEMENTATIONS = YES;
				CLANG_WARN_DIRECT_OBJC_ISA_USAGE = YES_ERROR;
				CLANG_WARN_DOCUMENTATION_COMMENTS = YES;
				CLANG_WARN_EMPTY_BODY = YES;
				CLANG_WARN_ENUM_CONVERSION = YES;
				CLANG_WARN_INFINITE_RECURSION = YES;
				CLANG_WARN_INT_CONVERSION = YES;
				CLANG_WARN_NON_LITERAL_NULL_CONVERSION = YES;
				CLANG_WARN_OBJC_IMPLICIT_RETAIN_SELF = YES;
				CLANG_WARN_OBJC_LITERAL_CONVERSION = YES;
				CLANG_WARN_OBJC_ROOT_CLASS = YES_ERROR;
				CLANG_WARN_QUOTED_INCLUDE_IN_FRAMEWORK_HEADER = YES;
				CLANG_WARN_RANGE_LOOP_ANALYSIS = YES;
				CLANG_WARN_STRICT_PROTOTYPES = YES;
				CLANG_WARN_SUSPICIOUS_MOVE = YES;
				CLANG_WARN_UNGUARDED_AVAILABILITY = YES_AGGRESSIVE;
				CLANG_WARN_UNREACHABLE_CODE = YES;
				CLANG_WARN__DUPLICATE_METHOD_MATCH = YES;
				COPY_PHASE_STRIP = NO;
				DEBUG_INFORMATION_FORMAT = dwarf;
				ENABLE_STRICT_OBJC_MSGSEND = YES;
				ENABLE_TESTABILITY = YES;
				GCC_C_LANGUAGE_STANDARD = gnu11;
				GCC_DYNAMIC_NO_PIC = NO;
				GCC_NO_COMMON_BLOCKS = YES;
				GCC_OPTIMIZATION_LEVEL = 0;
				GCC_PREPROCESSOR_DEFINITIONS = (
					"DEBUG=1",
					"$(inherited)",
				);
				GCC_WARN_64_TO_32_BIT_CONVERSION = YES;
				GCC_WARN_ABOUT_RETURN_TYPE = YES_ERROR;
				GCC_WARN_UNDECLARED_SELECTOR = YES;
				GCC_WARN_UNINITIALIZED_AUTOS = YES_AGGRESSIVE;
				GCC_WARN_UNUSED_FUNCTION = YES;
				GCC_WARN_UNUSED_VARIABLE = YES;
				IPHONEOS_DEPLOYMENT_TARGET = 15.5;
				MTL_ENABLE_DEBUG_INFO = INCLUDE_SOURCE;
				MTL_FAST_MATH = YES;
				ONLY_ACTIVE_ARCH = YES;
				SDKROOT = iphoneos;
				SWIFT_ACTIVE_COMPILATION_CONDITIONS = DEBUG;
				SWIFT_OPTIMIZATION_LEVEL = "-Onone";
			};
			name = Debug;
		};
		CE81E5DB287F39A700BE3A27 /* Release */ = {
			isa = XCBuildConfiguration;
			buildSettings = {
				ALWAYS_SEARCH_USER_PATHS = NO;
				CLANG_ANALYZER_NONNULL = YES;
				CLANG_ANALYZER_NUMBER_OBJECT_CONVERSION = YES_AGGRESSIVE;
				CLANG_CXX_LANGUAGE_STANDARD = "gnu++17";
				CLANG_ENABLE_MODULES = YES;
				CLANG_ENABLE_OBJC_ARC = YES;
				CLANG_ENABLE_OBJC_WEAK = YES;
				CLANG_WARN_BLOCK_CAPTURE_AUTORELEASING = YES;
				CLANG_WARN_BOOL_CONVERSION = YES;
				CLANG_WARN_COMMA = YES;
				CLANG_WARN_CONSTANT_CONVERSION = YES;
				CLANG_WARN_DEPRECATED_OBJC_IMPLEMENTATIONS = YES;
				CLANG_WARN_DIRECT_OBJC_ISA_USAGE = YES_ERROR;
				CLANG_WARN_DOCUMENTATION_COMMENTS = YES;
				CLANG_WARN_EMPTY_BODY = YES;
				CLANG_WARN_ENUM_CONVERSION = YES;
				CLANG_WARN_INFINITE_RECURSION = YES;
				CLANG_WARN_INT_CONVERSION = YES;
				CLANG_WARN_NON_LITERAL_NULL_CONVERSION = YES;
				CLANG_WARN_OBJC_IMPLICIT_RETAIN_SELF = YES;
				CLANG_WARN_OBJC_LITERAL_CONVERSION = YES;
				CLANG_WARN_OBJC_ROOT_CLASS = YES_ERROR;
				CLANG_WARN_QUOTED_INCLUDE_IN_FRAMEWORK_HEADER = YES;
				CLANG_WARN_RANGE_LOOP_ANALYSIS = YES;
				CLANG_WARN_STRICT_PROTOTYPES = YES;
				CLANG_WARN_SUSPICIOUS_MOVE = YES;
				CLANG_WARN_UNGUARDED_AVAILABILITY = YES_AGGRESSIVE;
				CLANG_WARN_UNREACHABLE_CODE = YES;
				CLANG_WARN__DUPLICATE_METHOD_MATCH = YES;
				COPY_PHASE_STRIP = NO;
				DEBUG_INFORMATION_FORMAT = "dwarf-with-dsym";
				ENABLE_NS_ASSERTIONS = NO;
				ENABLE_STRICT_OBJC_MSGSEND = YES;
				GCC_C_LANGUAGE_STANDARD = gnu11;
				GCC_NO_COMMON_BLOCKS = YES;
				GCC_WARN_64_TO_32_BIT_CONVERSION = YES;
				GCC_WARN_ABOUT_RETURN_TYPE = YES_ERROR;
				GCC_WARN_UNDECLARED_SELECTOR = YES;
				GCC_WARN_UNINITIALIZED_AUTOS = YES_AGGRESSIVE;
				GCC_WARN_UNUSED_FUNCTION = YES;
				GCC_WARN_UNUSED_VARIABLE = YES;
				IPHONEOS_DEPLOYMENT_TARGET = 15.5;
				MTL_ENABLE_DEBUG_INFO = NO;
				MTL_FAST_MATH = YES;
				SDKROOT = iphoneos;
				SWIFT_COMPILATION_MODE = wholemodule;
				SWIFT_OPTIMIZATION_LEVEL = "-O";
				VALIDATE_PRODUCT = YES;
			};
			name = Release;
		};
		CE81E5DD287F39A700BE3A27 /* Debug */ = {
			isa = XCBuildConfiguration;
			baseConfigurationReference = 74958333F5FFB5A55E93C070 /* Pods-Alura Ingressos.debug.xcconfig */;
			buildSettings = {
				ASSETCATALOG_COMPILER_APPICON_NAME = AppIcon;
				ASSETCATALOG_COMPILER_GLOBAL_ACCENT_COLOR_NAME = AccentColor;
				CODE_SIGN_STYLE = Automatic;
				CURRENT_PROJECT_VERSION = 1;
				GENERATE_INFOPLIST_FILE = YES;
				INFOPLIST_FILE = "Alura Ingressos/Info.plist";
				INFOPLIST_KEY_UIApplicationSupportsIndirectInputEvents = YES;
				INFOPLIST_KEY_UILaunchStoryboardName = LaunchScreen;
				INFOPLIST_KEY_UIMainStoryboardFile = Main;
				INFOPLIST_KEY_UISupportedInterfaceOrientations_iPad = "UIInterfaceOrientationPortrait UIInterfaceOrientationPortraitUpsideDown UIInterfaceOrientationLandscapeLeft UIInterfaceOrientationLandscapeRight";
				INFOPLIST_KEY_UISupportedInterfaceOrientations_iPhone = "UIInterfaceOrientationPortrait UIInterfaceOrientationLandscapeLeft UIInterfaceOrientationLandscapeRight";
				LD_RUNPATH_SEARCH_PATHS = (
					"$(inherited)",
					"@executable_path/Frameworks",
				);
				MARKETING_VERSION = 1.0;
				PRODUCT_BUNDLE_IDENTIFIER = "br.com.az0ic.Alura-Ingressos";
				PRODUCT_NAME = "$(TARGET_NAME)";
				SWIFT_EMIT_LOC_STRINGS = YES;
				SWIFT_VERSION = 5.0;
				TARGETED_DEVICE_FAMILY = "1,2";
			};
			name = Debug;
		};
		CE81E5DE287F39A700BE3A27 /* Release */ = {
			isa = XCBuildConfiguration;
			baseConfigurationReference = A7163C227B5774A697B52015 /* Pods-Alura Ingressos.release.xcconfig */;
			buildSettings = {
				ASSETCATALOG_COMPILER_APPICON_NAME = AppIcon;
				ASSETCATALOG_COMPILER_GLOBAL_ACCENT_COLOR_NAME = AccentColor;
				CODE_SIGN_STYLE = Automatic;
				CURRENT_PROJECT_VERSION = 1;
				GENERATE_INFOPLIST_FILE = YES;
				INFOPLIST_FILE = "Alura Ingressos/Info.plist";
				INFOPLIST_KEY_UIApplicationSupportsIndirectInputEvents = YES;
				INFOPLIST_KEY_UILaunchStoryboardName = LaunchScreen;
				INFOPLIST_KEY_UIMainStoryboardFile = Main;
				INFOPLIST_KEY_UISupportedInterfaceOrientations_iPad = "UIInterfaceOrientationPortrait UIInterfaceOrientationPortraitUpsideDown UIInterfaceOrientationLandscapeLeft UIInterfaceOrientationLandscapeRight";
				INFOPLIST_KEY_UISupportedInterfaceOrientations_iPhone = "UIInterfaceOrientationPortrait UIInterfaceOrientationLandscapeLeft UIInterfaceOrientationLandscapeRight";
				LD_RUNPATH_SEARCH_PATHS = (
					"$(inherited)",
					"@executable_path/Frameworks",
				);
				MARKETING_VERSION = 1.0;
				PRODUCT_BUNDLE_IDENTIFIER = "br.com.az0ic.Alura-Ingressos";
				PRODUCT_NAME = "$(TARGET_NAME)";
				SWIFT_EMIT_LOC_STRINGS = YES;
				SWIFT_VERSION = 5.0;
				TARGETED_DEVICE_FAMILY = "1,2";
			};
			name = Release;
		};
/* End XCBuildConfiguration section */

/* Begin XCConfigurationList section */
		CE81E5C3287F39A100BE3A27 /* Build configuration list for PBXProject "Alura Ingressos" */ = {
			isa = XCConfigurationList;
			buildConfigurations = (
				CE81E5DA287F39A700BE3A27 /* Debug */,
				CE81E5DB287F39A700BE3A27 /* Release */,
			);
			defaultConfigurationIsVisible = 0;
			defaultConfigurationName = Release;
		};
		CE81E5DC287F39A700BE3A27 /* Build configuration list for PBXNativeTarget "Alura Ingressos" */ = {
			isa = XCConfigurationList;
			buildConfigurations = (
				CE81E5DD287F39A700BE3A27 /* Debug */,
				CE81E5DE287F39A700BE3A27 /* Release */,
			);
			defaultConfigurationIsVisible = 0;
			defaultConfigurationName = Release;
		};
/* End XCConfigurationList section */
	};
	rootObject = CE81E5C0287F39A100BE3A27 /* Project object */;
}
